{"1.2.0",
[{<<"erlydtl">>,{pkg,<<"erlydtl">>,<<"0.14.0">>},0},
 {<<"jsx">>,{pkg,<<"jsx">>,<<"3.1.0">>},0},
 {<<"mochiweb">>,{pkg,<<"mochiweb">>,<<"2.20.1">>},0},
 {<<"webmachine">>,{pkg,<<"webmachine">>,<<"1.11.1">>},0}]}.
[
{pkg_hash,[
 {<<"erlydtl">>, <<"964B2DC84F8C17ACFAA69C59BA129EF26AC45D2BA898C3C6AD9B5BDC8BA13CED">>},
 {<<"jsx">>, <<"D12516BAA0BB23A59BB35DCCAF02A1BD08243FCBB9EFE24F2D9D056CCFF71268">>},
 {<<"mochiweb">>, <<"E4DBD0ED716F076366ECF62ADA5755A844E1D95C781E8C77DF1D4114BE868CDF">>},
 {<<"webmachine">>, <<"422BEAD629F3D6C10FB0F24BE4CEE9648338F90099072AE091FADF86BA70C53F">>}]},
{pkg_hash_ext,[
 {<<"erlydtl">>, <<"D80EC044CD8F58809C19D29AC5605BE09E955040911B644505E31E9DD8143431">>},
 {<<"jsx">>, <<"0C5CC8FDC11B53CC25CF65AC6705AD39E54ECC56D1C22E4ADB8F5A53FB9427F3">>},
 {<<"mochiweb">>, <<"D1AEEE7870470D2FA9EAE0B3D5AB6C33801AA2D82B10E9DADE885C5C921B36AA">>},
 {<<"webmachine">>, <<"4914961217736701CADA1345D7C79C6DB50A636CF7BC6C757DE923B7C7D70B21">>}]}
].
